// !$*UTF8*$!
{
	archiveVersion = 1;
	classes = {
	};
	objectVersion = 46;
	objects = {

/* Begin PBXBuildFile section */
		14D13D9C0B463CCB3AD65DA1 /* Pods.framework in Frameworks */ = {isa = PBXBuildFile; fileRef = 5A558FFAA74F4950C139882A /* Pods.framework */; };
		5515F05A1C9320A8007D157E /* NovaPoshtaAddress.swift in Sources */ = {isa = PBXBuildFile; fileRef = 5515F0591C9320A8007D157E /* NovaPoshtaAddress.swift */; };
		5515F05C1C93706F007D157E /* PhotoFormat.swift in Sources */ = {isa = PBXBuildFile; fileRef = 5515F05B1C93706F007D157E /* PhotoFormat.swift */; };
		5515F05E1C93748E007D157E /* OrderViewController.swift in Sources */ = {isa = PBXBuildFile; fileRef = 5515F05D1C93748E007D157E /* OrderViewController.swift */; };
		5515F0601C94B636007D157E /* photo-frame-selected.png in Resources */ = {isa = PBXBuildFile; fileRef = 5515F05F1C94B636007D157E /* photo-frame-selected.png */; };
		5515F0621C956054007D157E /* stack_of_photos.png in Resources */ = {isa = PBXBuildFile; fileRef = 5515F0611C956054007D157E /* stack_of_photos.png */; };
		5515F0641C956573007D157E /* sell_stock.png in Resources */ = {isa = PBXBuildFile; fileRef = 5515F0631C956573007D157E /* sell_stock.png */; };
		5515F0681C957010007D157E /* OrdersTVC.swift in Sources */ = {isa = PBXBuildFile; fileRef = 5515F0671C957010007D157E /* OrdersTVC.swift */; };
		5515F06A1C957049007D157E /* OrderTableViewCell.swift in Sources */ = {isa = PBXBuildFile; fileRef = 5515F0691C957049007D157E /* OrderTableViewCell.swift */; };
		551E88C81C5C0BAE00B1DAF0 /* AppDelegate.swift in Sources */ = {isa = PBXBuildFile; fileRef = 551E88C71C5C0BAE00B1DAF0 /* AppDelegate.swift */; };
		551E88CA1C5C0BAE00B1DAF0 /* ViewController.swift in Sources */ = {isa = PBXBuildFile; fileRef = 551E88C91C5C0BAE00B1DAF0 /* ViewController.swift */; };
		551E88CD1C5C0BAE00B1DAF0 /* Main.storyboard in Resources */ = {isa = PBXBuildFile; fileRef = 551E88CB1C5C0BAE00B1DAF0 /* Main.storyboard */; };
		551E88CF1C5C0BAE00B1DAF0 /* Assets.xcassets in Resources */ = {isa = PBXBuildFile; fileRef = 551E88CE1C5C0BAE00B1DAF0 /* Assets.xcassets */; };
		551E88D21C5C0BAE00B1DAF0 /* LaunchScreen.storyboard in Resources */ = {isa = PBXBuildFile; fileRef = 551E88D01C5C0BAE00B1DAF0 /* LaunchScreen.storyboard */; };
		551E88DD1C5C0BB200B1DAF0 /* PhotoPrintUATests.swift in Sources */ = {isa = PBXBuildFile; fileRef = 551E88DC1C5C0BB200B1DAF0 /* PhotoPrintUATests.swift */; };
		551E88E81C5C0BB200B1DAF0 /* PhotoPrintUAUITests.swift in Sources */ = {isa = PBXBuildFile; fileRef = 551E88E71C5C0BB200B1DAF0 /* PhotoPrintUAUITests.swift */; };
		552EBFA41C7900B2003A392C /* Album.swift in Sources */ = {isa = PBXBuildFile; fileRef = 552EBFA31C7900B2003A392C /* Album.swift */; };
		552EBFA61C790231003A392C /* AlbumItem.swift in Sources */ = {isa = PBXBuildFile; fileRef = 552EBFA51C790231003A392C /* AlbumItem.swift */; };
		552EBFA91C79041F003A392C /* Order.swift in Sources */ = {isa = PBXBuildFile; fileRef = 552EBFA81C79041F003A392C /* Order.swift */; };
		552EBFAB1C790472003A392C /* PostalAddress.swift in Sources */ = {isa = PBXBuildFile; fileRef = 552EBFAA1C790472003A392C /* PostalAddress.swift */; };
		552EBFAD1C7A31FE003A392C /* Address.swift in Sources */ = {isa = PBXBuildFile; fileRef = 552EBFAC1C7A31FE003A392C /* Address.swift */; };
		552EBFAF1C7A38C9003A392C /* AlbumViewController.swift in Sources */ = {isa = PBXBuildFile; fileRef = 552EBFAE1C7A38C9003A392C /* AlbumViewController.swift */; };
		552EBFB11C7A3A6C003A392C /* AlbumsTableViewController.swift in Sources */ = {isa = PBXBuildFile; fileRef = 552EBFB01C7A3A6C003A392C /* AlbumsTableViewController.swift */; };
		552EBFB31C7A4399003A392C /* AlbumsTableViewCell.swift in Sources */ = {isa = PBXBuildFile; fileRef = 552EBFB21C7A4399003A392C /* AlbumsTableViewCell.swift */; };
		553C06A01C983DC2007F4153 /* AddressVC.swift in Sources */ = {isa = PBXBuildFile; fileRef = 553C069F1C983DC2007F4153 /* AddressVC.swift */; };
		556DF8BA1C80F9D8002735C3 /* entitlements.plist in Resources */ = {isa = PBXBuildFile; fileRef = 556DF8B91C80F9D8002735C3 /* entitlements.plist */; };
		55B73AD11C5D4FC00095B898 /* LoginViewController.swift in Sources */ = {isa = PBXBuildFile; fileRef = 55B73AD01C5D4FC00095B898 /* LoginViewController.swift */; };
		55B73AD31C5D55C00095B898 /* Model.swift in Sources */ = {isa = PBXBuildFile; fileRef = 55B73AD21C5D55C00095B898 /* Model.swift */; };
		55E9B1461C98A19400E6B412 /* OrderPhotosVC.swift in Sources */ = {isa = PBXBuildFile; fileRef = 55E9B1451C98A19400E6B412 /* OrderPhotosVC.swift */; };
		55E9B1481C98A95200E6B412 /* PriceCalc.swift in Sources */ = {isa = PBXBuildFile; fileRef = 55E9B1471C98A95200E6B412 /* PriceCalc.swift */; };
		55E9B14A1C98AE2900E6B412 /* TODO in Resources */ = {isa = PBXBuildFile; fileRef = 55E9B1491C98AE2900E6B412 /* TODO */; };
		55E9B14F1C99AFE100E6B412 /* Localizable.strings in Resources */ = {isa = PBXBuildFile; fileRef = 55E9B14D1C99AFE100E6B412 /* Localizable.strings */; };
		55FDA80F1C7CFB270064C431 /* AlbumItemCollectionViewCell.swift in Sources */ = {isa = PBXBuildFile; fileRef = 55FDA80E1C7CFB270064C431 /* AlbumItemCollectionViewCell.swift */; };
/* End PBXBuildFile section */

/* Begin PBXContainerItemProxy section */
		551E88D91C5C0BB200B1DAF0 /* PBXContainerItemProxy */ = {
			isa = PBXContainerItemProxy;
			containerPortal = 551E88BC1C5C0BAE00B1DAF0 /* Project object */;
			proxyType = 1;
			remoteGlobalIDString = 551E88C31C5C0BAE00B1DAF0;
			remoteInfo = PhotoPrintUA;
		};
		551E88E41C5C0BB200B1DAF0 /* PBXContainerItemProxy */ = {
			isa = PBXContainerItemProxy;
			containerPortal = 551E88BC1C5C0BAE00B1DAF0 /* Project object */;
			proxyType = 1;
			remoteGlobalIDString = 551E88C31C5C0BAE00B1DAF0;
			remoteInfo = PhotoPrintUA;
		};
/* End PBXContainerItemProxy section */

/* Begin PBXFileReference section */
		5515F0591C9320A8007D157E /* NovaPoshtaAddress.swift */ = {isa = PBXFileReference; fileEncoding = 4; lastKnownFileType = sourcecode.swift; path = NovaPoshtaAddress.swift; sourceTree = "<group>"; };
		5515F05B1C93706F007D157E /* PhotoFormat.swift */ = {isa = PBXFileReference; fileEncoding = 4; lastKnownFileType = sourcecode.swift; path = PhotoFormat.swift; sourceTree = "<group>"; };
		5515F05D1C93748E007D157E /* OrderViewController.swift */ = {isa = PBXFileReference; fileEncoding = 4; lastKnownFileType = sourcecode.swift; path = OrderViewController.swift; sourceTree = "<group>"; };
		5515F05F1C94B636007D157E /* photo-frame-selected.png */ = {isa = PBXFileReference; lastKnownFileType = image.png; path = "photo-frame-selected.png"; sourceTree = "<group>"; };
		5515F0611C956054007D157E /* stack_of_photos.png */ = {isa = PBXFileReference; lastKnownFileType = image.png; path = stack_of_photos.png; sourceTree = "<group>"; };
		5515F0631C956573007D157E /* sell_stock.png */ = {isa = PBXFileReference; lastKnownFileType = image.png; path = sell_stock.png; sourceTree = "<group>"; };
		5515F0671C957010007D157E /* OrdersTVC.swift */ = {isa = PBXFileReference; fileEncoding = 4; lastKnownFileType = sourcecode.swift; path = OrdersTVC.swift; sourceTree = "<group>"; };
		5515F0691C957049007D157E /* OrderTableViewCell.swift */ = {isa = PBXFileReference; fileEncoding = 4; lastKnownFileType = sourcecode.swift; path = OrderTableViewCell.swift; sourceTree = "<group>"; };
		551E88C41C5C0BAE00B1DAF0 /* PhotoPrintUA.app */ = {isa = PBXFileReference; explicitFileType = wrapper.application; includeInIndex = 0; path = PhotoPrintUA.app; sourceTree = BUILT_PRODUCTS_DIR; };
		551E88C71C5C0BAE00B1DAF0 /* AppDelegate.swift */ = {isa = PBXFileReference; lastKnownFileType = sourcecode.swift; path = AppDelegate.swift; sourceTree = "<group>"; };
		551E88C91C5C0BAE00B1DAF0 /* ViewController.swift */ = {isa = PBXFileReference; lastKnownFileType = sourcecode.swift; path = ViewController.swift; sourceTree = "<group>"; };
		551E88CC1C5C0BAE00B1DAF0 /* Base */ = {isa = PBXFileReference; lastKnownFileType = file.storyboard; name = Base; path = Base.lproj/Main.storyboard; sourceTree = "<group>"; };
		551E88CE1C5C0BAE00B1DAF0 /* Assets.xcassets */ = {isa = PBXFileReference; lastKnownFileType = folder.assetcatalog; path = Assets.xcassets; sourceTree = "<group>"; };
		551E88D11C5C0BAE00B1DAF0 /* Base */ = {isa = PBXFileReference; lastKnownFileType = file.storyboard; name = Base; path = Base.lproj/LaunchScreen.storyboard; sourceTree = "<group>"; };
		551E88D31C5C0BAE00B1DAF0 /* Info.plist */ = {isa = PBXFileReference; lastKnownFileType = text.plist.xml; path = Info.plist; sourceTree = "<group>"; };
		551E88D81C5C0BB200B1DAF0 /* PhotoPrintUATests.xctest */ = {isa = PBXFileReference; explicitFileType = wrapper.cfbundle; includeInIndex = 0; path = PhotoPrintUATests.xctest; sourceTree = BUILT_PRODUCTS_DIR; };
		551E88DC1C5C0BB200B1DAF0 /* PhotoPrintUATests.swift */ = {isa = PBXFileReference; lastKnownFileType = sourcecode.swift; path = PhotoPrintUATests.swift; sourceTree = "<group>"; };
		551E88DE1C5C0BB200B1DAF0 /* Info.plist */ = {isa = PBXFileReference; lastKnownFileType = text.plist.xml; path = Info.plist; sourceTree = "<group>"; };
		551E88E31C5C0BB200B1DAF0 /* PhotoPrintUAUITests.xctest */ = {isa = PBXFileReference; explicitFileType = wrapper.cfbundle; includeInIndex = 0; path = PhotoPrintUAUITests.xctest; sourceTree = BUILT_PRODUCTS_DIR; };
		551E88E71C5C0BB200B1DAF0 /* PhotoPrintUAUITests.swift */ = {isa = PBXFileReference; lastKnownFileType = sourcecode.swift; path = PhotoPrintUAUITests.swift; sourceTree = "<group>"; };
		551E88E91C5C0BB200B1DAF0 /* Info.plist */ = {isa = PBXFileReference; lastKnownFileType = text.plist.xml; path = Info.plist; sourceTree = "<group>"; };
		552EBFA31C7900B2003A392C /* Album.swift */ = {isa = PBXFileReference; fileEncoding = 4; lastKnownFileType = sourcecode.swift; path = Album.swift; sourceTree = "<group>"; };
		552EBFA51C790231003A392C /* AlbumItem.swift */ = {isa = PBXFileReference; fileEncoding = 4; lastKnownFileType = sourcecode.swift; path = AlbumItem.swift; sourceTree = "<group>"; };
		552EBFA81C79041F003A392C /* Order.swift */ = {isa = PBXFileReference; fileEncoding = 4; lastKnownFileType = sourcecode.swift; path = Order.swift; sourceTree = "<group>"; };
		552EBFAA1C790472003A392C /* PostalAddress.swift */ = {isa = PBXFileReference; fileEncoding = 4; lastKnownFileType = sourcecode.swift; path = PostalAddress.swift; sourceTree = "<group>"; };
		552EBFAC1C7A31FE003A392C /* Address.swift */ = {isa = PBXFileReference; fileEncoding = 4; lastKnownFileType = sourcecode.swift; path = Address.swift; sourceTree = "<group>"; };
		552EBFAE1C7A38C9003A392C /* AlbumViewController.swift */ = {isa = PBXFileReference; fileEncoding = 4; lastKnownFileType = sourcecode.swift; path = AlbumViewController.swift; sourceTree = "<group>"; };
		552EBFB01C7A3A6C003A392C /* AlbumsTableViewController.swift */ = {isa = PBXFileReference; fileEncoding = 4; lastKnownFileType = sourcecode.swift; path = AlbumsTableViewController.swift; sourceTree = "<group>"; };
		552EBFB21C7A4399003A392C /* AlbumsTableViewCell.swift */ = {isa = PBXFileReference; fileEncoding = 4; lastKnownFileType = sourcecode.swift; path = AlbumsTableViewCell.swift; sourceTree = "<group>"; };
		553C069F1C983DC2007F4153 /* AddressVC.swift */ = {isa = PBXFileReference; fileEncoding = 4; lastKnownFileType = sourcecode.swift; path = AddressVC.swift; sourceTree = "<group>"; };
		556DF8B91C80F9D8002735C3 /* entitlements.plist */ = {isa = PBXFileReference; fileEncoding = 4; lastKnownFileType = text.plist.xml; path = entitlements.plist; sourceTree = "<group>"; };
		55B73AD01C5D4FC00095B898 /* LoginViewController.swift */ = {isa = PBXFileReference; fileEncoding = 4; lastKnownFileType = sourcecode.swift; path = LoginViewController.swift; sourceTree = "<group>"; };
		55B73AD21C5D55C00095B898 /* Model.swift */ = {isa = PBXFileReference; fileEncoding = 4; lastKnownFileType = sourcecode.swift; path = Model.swift; sourceTree = "<group>"; };
		55E9B1451C98A19400E6B412 /* OrderPhotosVC.swift */ = {isa = PBXFileReference; fileEncoding = 4; lastKnownFileType = sourcecode.swift; path = OrderPhotosVC.swift; sourceTree = "<group>"; };
		55E9B1471C98A95200E6B412 /* PriceCalc.swift */ = {isa = PBXFileReference; fileEncoding = 4; lastKnownFileType = sourcecode.swift; path = PriceCalc.swift; sourceTree = "<group>"; };
		55E9B1491C98AE2900E6B412 /* TODO */ = {isa = PBXFileReference; fileEncoding = 4; lastKnownFileType = text; path = TODO; sourceTree = "<group>"; };
		55E9B14B1C99ADBE00E6B412 /* uk */ = {isa = PBXFileReference; lastKnownFileType = text.plist.strings; name = uk; path = uk.lproj/Main.strings; sourceTree = "<group>"; };
		55E9B14C1C99ADBE00E6B412 /* uk */ = {isa = PBXFileReference; lastKnownFileType = text.plist.strings; name = uk; path = uk.lproj/LaunchScreen.strings; sourceTree = "<group>"; };
		55E9B14E1C99AFE100E6B412 /* Base */ = {isa = PBXFileReference; lastKnownFileType = text.plist.strings; name = Base; path = Base.lproj/Localizable.strings; sourceTree = "<group>"; };
		55E9B1501C99B20300E6B412 /* uk */ = {isa = PBXFileReference; lastKnownFileType = text.plist.strings; name = uk; path = uk.lproj/Localizable.strings; sourceTree = "<group>"; };
		55FDA80E1C7CFB270064C431 /* AlbumItemCollectionViewCell.swift */ = {isa = PBXFileReference; fileEncoding = 4; lastKnownFileType = sourcecode.swift; path = AlbumItemCollectionViewCell.swift; sourceTree = "<group>"; };
		5A558FFAA74F4950C139882A /* Pods.framework */ = {isa = PBXFileReference; explicitFileType = wrapper.framework; includeInIndex = 0; path = Pods.framework; sourceTree = BUILT_PRODUCTS_DIR; };
		67D42B48FFFE659C925BD73D /* Pods.release.xcconfig */ = {isa = PBXFileReference; includeInIndex = 1; lastKnownFileType = text.xcconfig; name = Pods.release.xcconfig; path = "Pods/Target Support Files/Pods/Pods.release.xcconfig"; sourceTree = "<group>"; };
		7BE267A7B388F1C3D290EEF1 /* Pods.debug.xcconfig */ = {isa = PBXFileReference; includeInIndex = 1; lastKnownFileType = text.xcconfig; name = Pods.debug.xcconfig; path = "Pods/Target Support Files/Pods/Pods.debug.xcconfig"; sourceTree = "<group>"; };
/* End PBXFileReference section */

/* Begin PBXFrameworksBuildPhase section */
		551E88C11C5C0BAE00B1DAF0 /* Frameworks */ = {
			isa = PBXFrameworksBuildPhase;
			buildActionMask = 2147483647;
			files = (
				14D13D9C0B463CCB3AD65DA1 /* Pods.framework in Frameworks */,
			);
			runOnlyForDeploymentPostprocessing = 0;
		};
		551E88D51C5C0BB100B1DAF0 /* Frameworks */ = {
			isa = PBXFrameworksBuildPhase;
			buildActionMask = 2147483647;
			files = (
			);
			runOnlyForDeploymentPostprocessing = 0;
		};
		551E88E01C5C0BB200B1DAF0 /* Frameworks */ = {
			isa = PBXFrameworksBuildPhase;
			buildActionMask = 2147483647;
			files = (
			);
			runOnlyForDeploymentPostprocessing = 0;
		};
/* End PBXFrameworksBuildPhase section */

/* Begin PBXGroup section */
		12373C76049259FAAE0480F8 /* Pods */ = {
			isa = PBXGroup;
			children = (
				7BE267A7B388F1C3D290EEF1 /* Pods.debug.xcconfig */,
				67D42B48FFFE659C925BD73D /* Pods.release.xcconfig */,
			);
			name = Pods;
			sourceTree = "<group>";
		};
		5515F06B1C960A98007D157E /* Assets */ = {
			isa = PBXGroup;
			children = (
				551E88CE1C5C0BAE00B1DAF0 /* Assets.xcassets */,
				5515F05F1C94B636007D157E /* photo-frame-selected.png */,
				5515F0611C956054007D157E /* stack_of_photos.png */,
				5515F0631C956573007D157E /* sell_stock.png */,
			);
			name = Assets;
			sourceTree = "<group>";
		};
		551E88BB1C5C0BAE00B1DAF0 = {
			isa = PBXGroup;
			children = (
				551E88C61C5C0BAE00B1DAF0 /* PhotoPrintUA */,
				551E88DB1C5C0BB200B1DAF0 /* PhotoPrintUATests */,
				551E88E61C5C0BB200B1DAF0 /* PhotoPrintUAUITests */,
				551E88C51C5C0BAE00B1DAF0 /* Products */,
				12373C76049259FAAE0480F8 /* Pods */,
				8DE65E6DF771FEA70BB4A59F /* Frameworks */,
			);
			sourceTree = "<group>";
		};
		551E88C51C5C0BAE00B1DAF0 /* Products */ = {
			isa = PBXGroup;
			children = (
				551E88C41C5C0BAE00B1DAF0 /* PhotoPrintUA.app */,
				551E88D81C5C0BB200B1DAF0 /* PhotoPrintUATests.xctest */,
				551E88E31C5C0BB200B1DAF0 /* PhotoPrintUAUITests.xctest */,
			);
			name = Products;
			sourceTree = "<group>";
		};
		551E88C61C5C0BAE00B1DAF0 /* PhotoPrintUA */ = {
			isa = PBXGroup;
			children = (
				551E88C71C5C0BAE00B1DAF0 /* AppDelegate.swift */,
				551E88C91C5C0BAE00B1DAF0 /* ViewController.swift */,
				55B73AD01C5D4FC00095B898 /* LoginViewController.swift */,
				552EBFB01C7A3A6C003A392C /* AlbumsTableViewController.swift */,
				552EBFB21C7A4399003A392C /* AlbumsTableViewCell.swift */,
				552EBFAE1C7A38C9003A392C /* AlbumViewController.swift */,
				55FDA80E1C7CFB270064C431 /* AlbumItemCollectionViewCell.swift */,
				552EBFA71C7903A4003A392C /* Model */,
				551E88CB1C5C0BAE00B1DAF0 /* Main.storyboard */,
				55E9B14D1C99AFE100E6B412 /* Localizable.strings */,
				5515F0671C957010007D157E /* OrdersTVC.swift */,
				5515F0691C957049007D157E /* OrderTableViewCell.swift */,
				5515F05D1C93748E007D157E /* OrderViewController.swift */,
				55E9B1451C98A19400E6B412 /* OrderPhotosVC.swift */,
				553C069F1C983DC2007F4153 /* AddressVC.swift */,
				5515F06B1C960A98007D157E /* Assets */,
				551E88D01C5C0BAE00B1DAF0 /* LaunchScreen.storyboard */,
				551E88D31C5C0BAE00B1DAF0 /* Info.plist */,
				556DF8B91C80F9D8002735C3 /* entitlements.plist */,
				55E9B1491C98AE2900E6B412 /* TODO */,
			);
			path = PhotoPrintUA;
			sourceTree = "<group>";
		};
		551E88DB1C5C0BB200B1DAF0 /* PhotoPrintUATests */ = {
			isa = PBXGroup;
			children = (
				551E88DC1C5C0BB200B1DAF0 /* PhotoPrintUATests.swift */,
				551E88DE1C5C0BB200B1DAF0 /* Info.plist */,
			);
			path = PhotoPrintUATests;
			sourceTree = "<group>";
		};
		551E88E61C5C0BB200B1DAF0 /* PhotoPrintUAUITests */ = {
			isa = PBXGroup;
			children = (
				551E88E71C5C0BB200B1DAF0 /* PhotoPrintUAUITests.swift */,
				551E88E91C5C0BB200B1DAF0 /* Info.plist */,
			);
			path = PhotoPrintUAUITests;
			sourceTree = "<group>";
		};
		552EBFA71C7903A4003A392C /* Model */ = {
			isa = PBXGroup;
			children = (
				55B73AD21C5D55C00095B898 /* Model.swift */,
				55E9B1471C98A95200E6B412 /* PriceCalc.swift */,
				5515F05B1C93706F007D157E /* PhotoFormat.swift */,
				552EBFA31C7900B2003A392C /* Album.swift */,
				552EBFA51C790231003A392C /* AlbumItem.swift */,
				552EBFA81C79041F003A392C /* Order.swift */,
				552EBFAC1C7A31FE003A392C /* Address.swift */,
				552EBFAA1C790472003A392C /* PostalAddress.swift */,
				5515F0591C9320A8007D157E /* NovaPoshtaAddress.swift */,
			);
			name = Model;
			sourceTree = "<group>";
		};
		8DE65E6DF771FEA70BB4A59F /* Frameworks */ = {
			isa = PBXGroup;
			children = (
				5A558FFAA74F4950C139882A /* Pods.framework */,
			);
			name = Frameworks;
			sourceTree = "<group>";
		};
/* End PBXGroup section */

/* Begin PBXNativeTarget section */
		551E88C31C5C0BAE00B1DAF0 /* PhotoPrintUA */ = {
			isa = PBXNativeTarget;
			buildConfigurationList = 551E88EC1C5C0BB200B1DAF0 /* Build configuration list for PBXNativeTarget "PhotoPrintUA" */;
			buildPhases = (
				502E5154B7CFD11DD49C7EC9 /* Check Pods Manifest.lock */,
				551E88C01C5C0BAE00B1DAF0 /* Sources */,
				551E88C11C5C0BAE00B1DAF0 /* Frameworks */,
				551E88C21C5C0BAE00B1DAF0 /* Resources */,
				25B08C4A2445C2331EB2C9BD /* Embed Pods Frameworks */,
				0FBA3FACF3C7AEDA2BFAE09C /* Copy Pods Resources */,
			);
			buildRules = (
			);
			dependencies = (
			);
			name = PhotoPrintUA;
			productName = PhotoPrintUA;
			productReference = 551E88C41C5C0BAE00B1DAF0 /* PhotoPrintUA.app */;
			productType = "com.apple.product-type.application";
		};
		551E88D71C5C0BB100B1DAF0 /* PhotoPrintUATests */ = {
			isa = PBXNativeTarget;
			buildConfigurationList = 551E88EF1C5C0BB200B1DAF0 /* Build configuration list for PBXNativeTarget "PhotoPrintUATests" */;
			buildPhases = (
				551E88D41C5C0BB100B1DAF0 /* Sources */,
				551E88D51C5C0BB100B1DAF0 /* Frameworks */,
				551E88D61C5C0BB100B1DAF0 /* Resources */,
			);
			buildRules = (
			);
			dependencies = (
				551E88DA1C5C0BB200B1DAF0 /* PBXTargetDependency */,
			);
			name = PhotoPrintUATests;
			productName = PhotoPrintUATests;
			productReference = 551E88D81C5C0BB200B1DAF0 /* PhotoPrintUATests.xctest */;
			productType = "com.apple.product-type.bundle.unit-test";
		};
		551E88E21C5C0BB200B1DAF0 /* PhotoPrintUAUITests */ = {
			isa = PBXNativeTarget;
			buildConfigurationList = 551E88F21C5C0BB200B1DAF0 /* Build configuration list for PBXNativeTarget "PhotoPrintUAUITests" */;
			buildPhases = (
				551E88DF1C5C0BB200B1DAF0 /* Sources */,
				551E88E01C5C0BB200B1DAF0 /* Frameworks */,
				551E88E11C5C0BB200B1DAF0 /* Resources */,
			);
			buildRules = (
			);
			dependencies = (
				551E88E51C5C0BB200B1DAF0 /* PBXTargetDependency */,
			);
			name = PhotoPrintUAUITests;
			productName = PhotoPrintUAUITests;
			productReference = 551E88E31C5C0BB200B1DAF0 /* PhotoPrintUAUITests.xctest */;
			productType = "com.apple.product-type.bundle.ui-testing";
		};
/* End PBXNativeTarget section */

/* Begin PBXProject section */
		551E88BC1C5C0BAE00B1DAF0 /* Project object */ = {
			isa = PBXProject;
			attributes = {
				LastSwiftUpdateCheck = 0720;
				LastUpgradeCheck = 0720;
				ORGANIZATIONNAME = "Andrey Mamchenko";
				TargetAttributes = {
					551E88C31C5C0BAE00B1DAF0 = {
						CreatedOnToolsVersion = 7.2;
						DevelopmentTeam = S83969LQZ9;
						SystemCapabilities = {
							com.apple.DataProtection = {
								enabled = 1;
							};
						};
					};
					551E88D71C5C0BB100B1DAF0 = {
						CreatedOnToolsVersion = 7.2;
						TestTargetID = 551E88C31C5C0BAE00B1DAF0;
					};
					551E88E21C5C0BB200B1DAF0 = {
						CreatedOnToolsVersion = 7.2;
						TestTargetID = 551E88C31C5C0BAE00B1DAF0;
					};
				};
			};
			buildConfigurationList = 551E88BF1C5C0BAE00B1DAF0 /* Build configuration list for PBXProject "PhotoPrintUA" */;
			compatibilityVersion = "Xcode 3.2";
			developmentRegion = English;
			hasScannedForEncodings = 0;
			knownRegions = (
				en,
				Base,
				uk,
			);
			mainGroup = 551E88BB1C5C0BAE00B1DAF0;
			productRefGroup = 551E88C51C5C0BAE00B1DAF0 /* Products */;
			projectDirPath = "";
			projectRoot = "";
			targets = (
				551E88C31C5C0BAE00B1DAF0 /* PhotoPrintUA */,
				551E88D71C5C0BB100B1DAF0 /* PhotoPrintUATests */,
				551E88E21C5C0BB200B1DAF0 /* PhotoPrintUAUITests */,
			);
		};
/* End PBXProject section */

/* Begin PBXResourcesBuildPhase section */
		551E88C21C5C0BAE00B1DAF0 /* Resources */ = {
			isa = PBXResourcesBuildPhase;
			buildActionMask = 2147483647;
			files = (
				5515F0621C956054007D157E /* stack_of_photos.png in Resources */,
				5515F0641C956573007D157E /* sell_stock.png in Resources */,
				55E9B14A1C98AE2900E6B412 /* TODO in Resources */,
				5515F0601C94B636007D157E /* photo-frame-selected.png in Resources */,
				55E9B14F1C99AFE100E6B412 /* Localizable.strings in Resources */,
				556DF8BA1C80F9D8002735C3 /* entitlements.plist in Resources */,
				551E88D21C5C0BAE00B1DAF0 /* LaunchScreen.storyboard in Resources */,
				551E88CF1C5C0BAE00B1DAF0 /* Assets.xcassets in Resources */,
				551E88CD1C5C0BAE00B1DAF0 /* Main.storyboard in Resources */,
			);
			runOnlyForDeploymentPostprocessing = 0;
		};
		551E88D61C5C0BB100B1DAF0 /* Resources */ = {
			isa = PBXResourcesBuildPhase;
			buildActionMask = 2147483647;
			files = (
			);
			runOnlyForDeploymentPostprocessing = 0;
		};
		551E88E11C5C0BB200B1DAF0 /* Resources */ = {
			isa = PBXResourcesBuildPhase;
			buildActionMask = 2147483647;
			files = (
			);
			runOnlyForDeploymentPostprocessing = 0;
		};
/* End PBXResourcesBuildPhase section */

/* Begin PBXShellScriptBuildPhase section */
		0FBA3FACF3C7AEDA2BFAE09C /* Copy Pods Resources */ = {
			isa = PBXShellScriptBuildPhase;
			buildActionMask = 2147483647;
			files = (
			);
			inputPaths = (
			);
			name = "Copy Pods Resources";
			outputPaths = (
			);
			runOnlyForDeploymentPostprocessing = 0;
			shellPath = /bin/sh;
			shellScript = "\"${SRCROOT}/Pods/Target Support Files/Pods/Pods-resources.sh\"\n";
			showEnvVarsInLog = 0;
		};
		25B08C4A2445C2331EB2C9BD /* Embed Pods Frameworks */ = {
			isa = PBXShellScriptBuildPhase;
			buildActionMask = 2147483647;
			files = (
			);
			inputPaths = (
			);
			name = "Embed Pods Frameworks";
			outputPaths = (
			);
			runOnlyForDeploymentPostprocessing = 0;
			shellPath = /bin/sh;
			shellScript = "\"${SRCROOT}/Pods/Target Support Files/Pods/Pods-frameworks.sh\"\n";
			showEnvVarsInLog = 0;
		};
		502E5154B7CFD11DD49C7EC9 /* Check Pods Manifest.lock */ = {
			isa = PBXShellScriptBuildPhase;
			buildActionMask = 2147483647;
			files = (
			);
			inputPaths = (
			);
			name = "Check Pods Manifest.lock";
			outputPaths = (
			);
			runOnlyForDeploymentPostprocessing = 0;
			shellPath = /bin/sh;
			shellScript = "diff \"${PODS_ROOT}/../Podfile.lock\" \"${PODS_ROOT}/Manifest.lock\" > /dev/null\nif [[ $? != 0 ]] ; then\n    cat << EOM\nerror: The sandbox is not in sync with the Podfile.lock. Run 'pod install' or update your CocoaPods installation.\nEOM\n    exit 1\nfi\n";
			showEnvVarsInLog = 0;
		};
/* End PBXShellScriptBuildPhase section */

/* Begin PBXSourcesBuildPhase section */
		551E88C01C5C0BAE00B1DAF0 /* Sources */ = {
			isa = PBXSourcesBuildPhase;
			buildActionMask = 2147483647;
			files = (
				55FDA80F1C7CFB270064C431 /* AlbumItemCollectionViewCell.swift in Sources */,
				55B73AD11C5D4FC00095B898 /* LoginViewController.swift in Sources */,
				551E88CA1C5C0BAE00B1DAF0 /* ViewController.swift in Sources */,
				552EBFB11C7A3A6C003A392C /* AlbumsTableViewController.swift in Sources */,
				552EBFAD1C7A31FE003A392C /* Address.swift in Sources */,
				5515F05A1C9320A8007D157E /* NovaPoshtaAddress.swift in Sources */,
				5515F06A1C957049007D157E /* OrderTableViewCell.swift in Sources */,
				552EBFA61C790231003A392C /* AlbumItem.swift in Sources */,
				55E9B1461C98A19400E6B412 /* OrderPhotosVC.swift in Sources */,
				551E88C81C5C0BAE00B1DAF0 /* AppDelegate.swift in Sources */,
				55B73AD31C5D55C00095B898 /* Model.swift in Sources */,
				552EBFAF1C7A38C9003A392C /* AlbumViewController.swift in Sources */,
				5515F05C1C93706F007D157E /* PhotoFormat.swift in Sources */,
				5515F0681C957010007D157E /* OrdersTVC.swift in Sources */,
				553C06A01C983DC2007F4153 /* AddressVC.swift in Sources */,
				552EBFA41C7900B2003A392C /* Album.swift in Sources */,
				55E9B1481C98A95200E6B412 /* PriceCalc.swift in Sources */,
				552EBFAB1C790472003A392C /* PostalAddress.swift in Sources */,
				552EBFA91C79041F003A392C /* Order.swift in Sources */,
				552EBFB31C7A4399003A392C /* AlbumsTableViewCell.swift in Sources */,
				5515F05E1C93748E007D157E /* OrderViewController.swift in Sources */,
			);
			runOnlyForDeploymentPostprocessing = 0;
		};
		551E88D41C5C0BB100B1DAF0 /* Sources */ = {
			isa = PBXSourcesBuildPhase;
			buildActionMask = 2147483647;
			files = (
				551E88DD1C5C0BB200B1DAF0 /* PhotoPrintUATests.swift in Sources */,
			);
			runOnlyForDeploymentPostprocessing = 0;
		};
		551E88DF1C5C0BB200B1DAF0 /* Sources */ = {
			isa = PBXSourcesBuildPhase;
			buildActionMask = 2147483647;
			files = (
				551E88E81C5C0BB200B1DAF0 /* PhotoPrintUAUITests.swift in Sources */,
			);
			runOnlyForDeploymentPostprocessing = 0;
		};
/* End PBXSourcesBuildPhase section */

/* Begin PBXTargetDependency section */
		551E88DA1C5C0BB200B1DAF0 /* PBXTargetDependency */ = {
			isa = PBXTargetDependency;
			target = 551E88C31C5C0BAE00B1DAF0 /* PhotoPrintUA */;
			targetProxy = 551E88D91C5C0BB200B1DAF0 /* PBXContainerItemProxy */;
		};
		551E88E51C5C0BB200B1DAF0 /* PBXTargetDependency */ = {
			isa = PBXTargetDependency;
			target = 551E88C31C5C0BAE00B1DAF0 /* PhotoPrintUA */;
			targetProxy = 551E88E41C5C0BB200B1DAF0 /* PBXContainerItemProxy */;
		};
/* End PBXTargetDependency section */

/* Begin PBXVariantGroup section */
		551E88CB1C5C0BAE00B1DAF0 /* Main.storyboard */ = {
			isa = PBXVariantGroup;
			children = (
				551E88CC1C5C0BAE00B1DAF0 /* Base */,
				55E9B14B1C99ADBE00E6B412 /* uk */,
			);
			name = Main.storyboard;
			sourceTree = "<group>";
		};
		551E88D01C5C0BAE00B1DAF0 /* LaunchScreen.storyboard */ = {
			isa = PBXVariantGroup;
			children = (
				551E88D11C5C0BAE00B1DAF0 /* Base */,
				55E9B14C1C99ADBE00E6B412 /* uk */,
			);
			name = LaunchScreen.storyboard;
			sourceTree = "<group>";
		};
		55E9B14D1C99AFE100E6B412 /* Localizable.strings */ = {
			isa = PBXVariantGroup;
			children = (
				55E9B14E1C99AFE100E6B412 /* Base */,
				55E9B1501C99B20300E6B412 /* uk */,
			);
			name = Localizable.strings;
			sourceTree = "<group>";
		};
/* End PBXVariantGroup section */

/* Begin XCBuildConfiguration section */
		551E88EA1C5C0BB200B1DAF0 /* Debug */ = {
			isa = XCBuildConfiguration;
			buildSettings = {
				ALWAYS_SEARCH_USER_PATHS = NO;
				CLANG_CXX_LANGUAGE_STANDARD = "gnu++0x";
				CLANG_CXX_LIBRARY = "libc++";
				CLANG_ENABLE_MODULES = YES;
				CLANG_ENABLE_OBJC_ARC = YES;
				CLANG_WARN_BOOL_CONVERSION = YES;
				CLANG_WARN_CONSTANT_CONVERSION = YES;
				CLANG_WARN_DIRECT_OBJC_ISA_USAGE = YES_ERROR;
				CLANG_WARN_EMPTY_BODY = YES;
				CLANG_WARN_ENUM_CONVERSION = YES;
				CLANG_WARN_INT_CONVERSION = YES;
				CLANG_WARN_OBJC_ROOT_CLASS = YES_ERROR;
				CLANG_WARN_UNREACHABLE_CODE = YES;
				CLANG_WARN__DUPLICATE_METHOD_MATCH = YES;
				"CODE_SIGN_IDENTITY[sdk=iphoneos*]" = "iPhone Developer";
				COPY_PHASE_STRIP = NO;
				DEBUG_INFORMATION_FORMAT = dwarf;
				ENABLE_STRICT_OBJC_MSGSEND = YES;
				ENABLE_TESTABILITY = YES;
				GCC_C_LANGUAGE_STANDARD = gnu99;
				GCC_DYNAMIC_NO_PIC = NO;
				GCC_NO_COMMON_BLOCKS = YES;
				GCC_OPTIMIZATION_LEVEL = 0;
				GCC_PREPROCESSOR_DEFINITIONS = (
					"DEBUG=1",
					"$(inherited)",
				);
				GCC_WARN_64_TO_32_BIT_CONVERSION = YES;
				GCC_WARN_ABOUT_RETURN_TYPE = YES_ERROR;
				GCC_WARN_UNDECLARED_SELECTOR = YES;
				GCC_WARN_UNINITIALIZED_AUTOS = YES_AGGRESSIVE;
				GCC_WARN_UNUSED_FUNCTION = YES;
				GCC_WARN_UNUSED_VARIABLE = YES;
				IPHONEOS_DEPLOYMENT_TARGET = 9.2;
				MTL_ENABLE_DEBUG_INFO = YES;
				ONLY_ACTIVE_ARCH = YES;
				SDKROOT = iphoneos;
				SWIFT_OPTIMIZATION_LEVEL = "-Onone";
				TARGETED_DEVICE_FAMILY = "1,2";
			};
			name = Debug;
		};
		551E88EB1C5C0BB200B1DAF0 /* Release */ = {
			isa = XCBuildConfiguration;
			buildSettings = {
				ALWAYS_SEARCH_USER_PATHS = NO;
				CLANG_CXX_LANGUAGE_STANDARD = "gnu++0x";
				CLANG_CXX_LIBRARY = "libc++";
				CLANG_ENABLE_MODULES = YES;
				CLANG_ENABLE_OBJC_ARC = YES;
				CLANG_WARN_BOOL_CONVERSION = YES;
				CLANG_WARN_CONSTANT_CONVERSION = YES;
				CLANG_WARN_DIRECT_OBJC_ISA_USAGE = YES_ERROR;
				CLANG_WARN_EMPTY_BODY = YES;
				CLANG_WARN_ENUM_CONVERSION = YES;
				CLANG_WARN_INT_CONVERSION = YES;
				CLANG_WARN_OBJC_ROOT_CLASS = YES_ERROR;
				CLANG_WARN_UNREACHABLE_CODE = YES;
				CLANG_WARN__DUPLICATE_METHOD_MATCH = YES;
				"CODE_SIGN_IDENTITY[sdk=iphoneos*]" = "iPhone Developer";
				COPY_PHASE_STRIP = NO;
				DEBUG_INFORMATION_FORMAT = "dwarf-with-dsym";
				ENABLE_NS_ASSERTIONS = NO;
				ENABLE_STRICT_OBJC_MSGSEND = YES;
				GCC_C_LANGUAGE_STANDARD = gnu99;
				GCC_NO_COMMON_BLOCKS = YES;
				GCC_WARN_64_TO_32_BIT_CONVERSION = YES;
				GCC_WARN_ABOUT_RETURN_TYPE = YES_ERROR;
				GCC_WARN_UNDECLARED_SELECTOR = YES;
				GCC_WARN_UNINITIALIZED_AUTOS = YES_AGGRESSIVE;
				GCC_WARN_UNUSED_FUNCTION = YES;
				GCC_WARN_UNUSED_VARIABLE = YES;
				IPHONEOS_DEPLOYMENT_TARGET = 9.2;
				MTL_ENABLE_DEBUG_INFO = NO;
				SDKROOT = iphoneos;
				TARGETED_DEVICE_FAMILY = "1,2";
				VALIDATE_PRODUCT = YES;
			};
			name = Release;
		};
		551E88ED1C5C0BB200B1DAF0 /* Debug */ = {
			isa = XCBuildConfiguration;
			baseConfigurationReference = 7BE267A7B388F1C3D290EEF1 /* Pods.debug.xcconfig */;
			buildSettings = {
				ASSETCATALOG_COMPILER_APPICON_NAME = AppIcon;
				CODE_SIGN_IDENTITY = "iPhone Developer";
				"CODE_SIGN_IDENTITY[sdk=iphoneos*]" = "iPhone Developer";
				INFOPLIST_FILE = PhotoPrintUA/Info.plist;
				LD_RUNPATH_SEARCH_PATHS = "$(inherited) @executable_path/Frameworks";
				PRODUCT_BUNDLE_IDENTIFIER = Andrey.Mamchenko.PhotoPrintUA;
				PRODUCT_NAME = "$(TARGET_NAME)";
				PROVISIONING_PROFILE = "";
			};
			name = Debug;
		};
		551E88EE1C5C0BB200B1DAF0 /* Release */ = {
			isa = XCBuildConfiguration;
			baseConfigurationReference = 67D42B48FFFE659C925BD73D /* Pods.release.xcconfig */;
			buildSettings = {
				ASSETCATALOG_COMPILER_APPICON_NAME = AppIcon;
				CODE_SIGN_IDENTITY = "iPhone Developer";
				"CODE_SIGN_IDENTITY[sdk=iphoneos*]" = "iPhone Developer";
				INFOPLIST_FILE = PhotoPrintUA/Info.plist;
				LD_RUNPATH_SEARCH_PATHS = "$(inherited) @executable_path/Frameworks";
				PRODUCT_BUNDLE_IDENTIFIER = Andrey.Mamchenko.PhotoPrintUA;
				PRODUCT_NAME = "$(TARGET_NAME)";
				PROVISIONING_PROFILE = "";
			};
			name = Release;
		};
		551E88F01C5C0BB200B1DAF0 /* Debug */ = {
			isa = XCBuildConfiguration;
			buildSettings = {
				BUNDLE_LOADER = "$(TEST_HOST)";
				INFOPLIST_FILE = PhotoPrintUATests/Info.plist;
				LD_RUNPATH_SEARCH_PATHS = "$(inherited) @executable_path/Frameworks @loader_path/Frameworks";
				PRODUCT_BUNDLE_IDENTIFIER = Andrey.Mamchenko.PhotoPrintUATests;
				PRODUCT_NAME = "$(TARGET_NAME)";
				TEST_HOST = "$(BUILT_PRODUCTS_DIR)/PhotoPrintUA.app/PhotoPrintUA";
			};
			name = Debug;
		};
		551E88F11C5C0BB200B1DAF0 /* Release */ = {
			isa = XCBuildConfiguration;
			buildSettings = {
				BUNDLE_LOADER = "$(TEST_HOST)";
				INFOPLIST_FILE = PhotoPrintUATests/Info.plist;
				LD_RUNPATH_SEARCH_PATHS = "$(inherited) @executable_path/Frameworks @loader_path/Frameworks";
				PRODUCT_BUNDLE_IDENTIFIER = Andrey.Mamchenko.PhotoPrintUATests;
				PRODUCT_NAME = "$(TARGET_NAME)";
				TEST_HOST = "$(BUILT_PRODUCTS_DIR)/PhotoPrintUA.app/PhotoPrintUA";
			};
			name = Release;
		};
		551E88F31C5C0BB200B1DAF0 /* Debug */ = {
			isa = XCBuildConfiguration;
			buildSettings = {
				INFOPLIST_FILE = PhotoPrintUAUITests/Info.plist;
				LD_RUNPATH_SEARCH_PATHS = "$(inherited) @executable_path/Frameworks @loader_path/Frameworks";
				PRODUCT_BUNDLE_IDENTIFIER = Andrey.Mamchenko.PhotoPrintUAUITests;
				PRODUCT_NAME = "$(TARGET_NAME)";
				TEST_TARGET_NAME = PhotoPrintUA;
				USES_XCTRUNNER = YES;
			};
			name = Debug;
		};
		551E88F41C5C0BB200B1DAF0 /* Release */ = {
			isa = XCBuildConfiguration;
			buildSettings = {
				INFOPLIST_FILE = PhotoPrintUAUITests/Info.plist;
				LD_RUNPATH_SEARCH_PATHS = "$(inherited) @executable_path/Frameworks @loader_path/Frameworks";
				PRODUCT_BUNDLE_IDENTIFIER = Andrey.Mamchenko.PhotoPrintUAUITests;
				PRODUCT_NAME = "$(TARGET_NAME)";
				TEST_TARGET_NAME = PhotoPrintUA;
				USES_XCTRUNNER = YES;
			};
			name = Release;
		};
/* End XCBuildConfiguration section */

/* Begin XCConfigurationList section */
		551E88BF1C5C0BAE00B1DAF0 /* Build configuration list for PBXProject "PhotoPrintUA" */ = {
			isa = XCConfigurationList;
			buildConfigurations = (
				551E88EA1C5C0BB200B1DAF0 /* Debug */,
				551E88EB1C5C0BB200B1DAF0 /* Release */,
			);
			defaultConfigurationIsVisible = 0;
			defaultConfigurationName = Release;
		};
		551E88EC1C5C0BB200B1DAF0 /* Build configuration list for PBXNativeTarget "PhotoPrintUA" */ = {
			isa = XCConfigurationList;
			buildConfigurations = (
				551E88ED1C5C0BB200B1DAF0 /* Debug */,
				551E88EE1C5C0BB200B1DAF0 /* Release */,
			);
			defaultConfigurationIsVisible = 0;
			defaultConfigurationName = Release;
		};
		551E88EF1C5C0BB200B1DAF0 /* Build configuration list for PBXNativeTarget "PhotoPrintUATests" */ = {
			isa = XCConfigurationList;
			buildConfigurations = (
				551E88F01C5C0BB200B1DAF0 /* Debug */,
				551E88F11C5C0BB200B1DAF0 /* Release */,
			);
			defaultConfigurationIsVisible = 0;
			defaultConfigurationName = Release;
		};
		551E88F21C5C0BB200B1DAF0 /* Build configuration list for PBXNativeTarget "PhotoPrintUAUITests" */ = {
			isa = XCConfigurationList;
			buildConfigurations = (
				551E88F31C5C0BB200B1DAF0 /* Debug */,
				551E88F41C5C0BB200B1DAF0 /* Release */,
			);
			defaultConfigurationIsVisible = 0;
			defaultConfigurationName = Release;
		};
/* End XCConfigurationList section */
	};
	rootObject = 551E88BC1C5C0BAE00B1DAF0 /* Project object */;
}
